
Microsoft Visual Studio Solution File, Format Version 12.00
# Visual Studio Version 17
VisualStudioVersion = 17.8.34408.163
MinimumVisualStudioVersion = 10.0.40219.1
Project("{FAE04EC0-301F-11D3-BF4B-00C04F79EFBC}") = "ShoppingCart_Application", "ShoppingCart_Application.csproj", "{D39FDFCC-0FBE-4B72-B1E3-ADB7E125BD3A}"
EndProject
Global
	GlobalSection(SolutionConfigurationPlatforms) = preSolution
		Debug|Any CPU = Debug|Any CPU
		Release|Any CPU = Release|Any CPU
	EndGlobalSection
	GlobalSection(ProjectConfigurationPlatforms) = postSolution
		{D39FDFCC-0FBE-4B72-B1E3-ADB7E125BD3A}.Debug|Any CPU.ActiveCfg = Debug|Any CPU
		{D39FDFCC-0FBE-4B72-B1E3-ADB7E125BD3A}.Debug|Any CPU.Build.0 = Debug|Any CPU
		{D39FDFCC-0FBE-4B72-B1E3-ADB7E125BD3A}.Release|Any CPU.ActiveCfg = Release|Any CPU
		{D39FDFCC-0FBE-4B72-B1E3-ADB7E125BD3A}.Release|Any CPU.Build.0 = Release|Any CPU
	EndGlobalSection
	GlobalSection(SolutionProperties) = preSolution
		HideSolutionNode = FALSE
	EndGlobalSection
	GlobalSection(ExtensibilityGlobals) = postSolution
		SolutionGuid = {527ED7E4-E4A4-49F6-AFD5-A1F181536F4F}
	EndGlobalSection
EndGlobal
